// !$*UTF8*$!
{
	archiveVersion = 1;
	classes = {
	};
	objectVersion = 50;
	objects = {

/* Begin PBXBuildFile section */
		DC01823C20B021970021D6E4 /* Main.storyboard in Resources */ = {isa = PBXBuildFile; fileRef = DC01823B20B021970021D6E4 /* Main.storyboard */; };
		DC01824120B0281E0021D6E4 /* CreateEmployeeViewController.swift in Sources */ = {isa = PBXBuildFile; fileRef = DC01824020B0281E0021D6E4 /* CreateEmployeeViewController.swift */; };
		DC01824420B028760021D6E4 /* CompanyEditorCoordinator.swift in Sources */ = {isa = PBXBuildFile; fileRef = DC01824320B028760021D6E4 /* CompanyEditorCoordinator.swift */; };
		DC01824620B028970021D6E4 /* EmployeeEditorCoordinator.swift in Sources */ = {isa = PBXBuildFile; fileRef = DC01824520B028970021D6E4 /* EmployeeEditorCoordinator.swift */; };
		DC01824920B030560021D6E4 /* EmployeeEditorView.swift in Sources */ = {isa = PBXBuildFile; fileRef = DC01824820B030560021D6E4 /* EmployeeEditorView.swift */; };
		DC01824B20B037EC0021D6E4 /* EmployeesModel.swift in Sources */ = {isa = PBXBuildFile; fileRef = DC01824A20B037EC0021D6E4 /* EmployeesModel.swift */; };
		DC01824D20B038D70021D6E4 /* TempEmployee.swift in Sources */ = {isa = PBXBuildFile; fileRef = DC01824C20B038D70021D6E4 /* TempEmployee.swift */; };
		DC01824F20B054830021D6E4 /* EmployeesTableViewController+UITableViewDelegate.swift in Sources */ = {isa = PBXBuildFile; fileRef = DC01824E20B054830021D6E4 /* EmployeesTableViewController+UITableViewDelegate.swift */; };
		DC01825120B054C10021D6E4 /* EmployeesTableViewController+CreateEmployeeViewControllerDelegate.swift in Sources */ = {isa = PBXBuildFile; fileRef = DC01825020B054C10021D6E4 /* EmployeesTableViewController+CreateEmployeeViewControllerDelegate.swift */; };
		DC637E0B20A863980075EF62 /* DataModel.xcdatamodeld in Sources */ = {isa = PBXBuildFile; fileRef = DC637E0920A863980075EF62 /* DataModel.xcdatamodeld */; };
		DC72714620AB0183001B4312 /* CompanyTableViewCell.swift in Sources */ = {isa = PBXBuildFile; fileRef = DC72714520AB0183001B4312 /* CompanyTableViewCell.swift */; };
		DC9F2B6A20AD451800A4D859 /* CompaniesTableViewController+CreateCompanyViewControllerDelegate.swift in Sources */ = {isa = PBXBuildFile; fileRef = DC9F2B6920AD451800A4D859 /* CompaniesTableViewController+CreateCompanyViewControllerDelegate.swift */; };
		DC9F2B6C20AD45C700A4D859 /* CompaniesTableViewController+UITableViewControllerDelegate.swift in Sources */ = {isa = PBXBuildFile; fileRef = DC9F2B6B20AD45C700A4D859 /* CompaniesTableViewController+UITableViewControllerDelegate.swift */; };
		DC9F2B6E20AD4AF400A4D859 /* EmployeesTableViewController.swift in Sources */ = {isa = PBXBuildFile; fileRef = DC9F2B6D20AD4AF400A4D859 /* EmployeesTableViewController.swift */; };
		DCC8CB0320A86C5A008C82CC /* TempCompany.swift in Sources */ = {isa = PBXBuildFile; fileRef = DCC8CB0220A86C5A008C82CC /* TempCompany.swift */; };
		DCC8CB0520A875CC008C82CC /* ContextManager.swift in Sources */ = {isa = PBXBuildFile; fileRef = DCC8CB0420A875CC008C82CC /* ContextManager.swift */; };
		DCD7879920A7F0420022B745 /* AppDelegate.swift in Sources */ = {isa = PBXBuildFile; fileRef = DCD7879820A7F0420022B745 /* AppDelegate.swift */; };
		DCD7879B20A7F0420022B745 /* CompaniesTableViewController.swift in Sources */ = {isa = PBXBuildFile; fileRef = DCD7879A20A7F0420022B745 /* CompaniesTableViewController.swift */; };
		DCD787A020A7F0430022B745 /* Assets.xcassets in Resources */ = {isa = PBXBuildFile; fileRef = DCD7879F20A7F0430022B745 /* Assets.xcassets */; };
		DCD787A320A7F0430022B745 /* LaunchScreen.storyboard in Resources */ = {isa = PBXBuildFile; fileRef = DCD787A120A7F0430022B745 /* LaunchScreen.storyboard */; };
		DCD787AE20A7F5EE0022B745 /* ColourScheme.swift in Sources */ = {isa = PBXBuildFile; fileRef = DCD787AD20A7F5EE0022B745 /* ColourScheme.swift */; };
		DCD787B220A7F7550022B745 /* CustomNavigationViewController.swift in Sources */ = {isa = PBXBuildFile; fileRef = DCD787B120A7F7550022B745 /* CustomNavigationViewController.swift */; };
		DCD787B720A81B450022B745 /* Coorinator.swift in Sources */ = {isa = PBXBuildFile; fileRef = DCD787B620A81B450022B745 /* Coorinator.swift */; };
		DCD787BD20A81F920022B745 /* CompaniesModel.swift in Sources */ = {isa = PBXBuildFile; fileRef = DCD787BC20A81F920022B745 /* CompaniesModel.swift */; };
		DCD787C220A829780022B745 /*  CreateCompanyViewController.swift in Sources */ = {isa = PBXBuildFile; fileRef = DCD787C020A829780022B745 /*  CreateCompanyViewController.swift */; };
/* End PBXBuildFile section */

/* Begin PBXFileReference section */
		DC01823B20B021970021D6E4 /* Main.storyboard */ = {isa = PBXFileReference; lastKnownFileType = file.storyboard; path = Main.storyboard; sourceTree = "<group>"; };
		DC01824020B0281E0021D6E4 /* CreateEmployeeViewController.swift */ = {isa = PBXFileReference; lastKnownFileType = sourcecode.swift; path = CreateEmployeeViewController.swift; sourceTree = "<group>"; };
		DC01824320B028760021D6E4 /* CompanyEditorCoordinator.swift */ = {isa = PBXFileReference; lastKnownFileType = sourcecode.swift; path = CompanyEditorCoordinator.swift; sourceTree = "<group>"; };
		DC01824520B028970021D6E4 /* EmployeeEditorCoordinator.swift */ = {isa = PBXFileReference; lastKnownFileType = sourcecode.swift; path = EmployeeEditorCoordinator.swift; sourceTree = "<group>"; };
		DC01824820B030560021D6E4 /* EmployeeEditorView.swift */ = {isa = PBXFileReference; lastKnownFileType = sourcecode.swift; path = EmployeeEditorView.swift; sourceTree = "<group>"; };
		DC01824A20B037EC0021D6E4 /* EmployeesModel.swift */ = {isa = PBXFileReference; lastKnownFileType = sourcecode.swift; path = EmployeesModel.swift; sourceTree = "<group>"; };
		DC01824C20B038D70021D6E4 /* TempEmployee.swift */ = {isa = PBXFileReference; lastKnownFileType = sourcecode.swift; path = TempEmployee.swift; sourceTree = "<group>"; };
		DC01824E20B054830021D6E4 /* EmployeesTableViewController+UITableViewDelegate.swift */ = {isa = PBXFileReference; lastKnownFileType = sourcecode.swift; path = "EmployeesTableViewController+UITableViewDelegate.swift"; sourceTree = "<group>"; };
		DC01825020B054C10021D6E4 /* EmployeesTableViewController+CreateEmployeeViewControllerDelegate.swift */ = {isa = PBXFileReference; lastKnownFileType = sourcecode.swift; path = "EmployeesTableViewController+CreateEmployeeViewControllerDelegate.swift"; sourceTree = "<group>"; };
		DC637E0A20A863980075EF62 /* DataModel.xcdatamodel */ = {isa = PBXFileReference; lastKnownFileType = wrapper.xcdatamodel; path = DataModel.xcdatamodel; sourceTree = "<group>"; };
		DC72714520AB0183001B4312 /* CompanyTableViewCell.swift */ = {isa = PBXFileReference; lastKnownFileType = sourcecode.swift; path = CompanyTableViewCell.swift; sourceTree = "<group>"; };
		DC9F2B6920AD451800A4D859 /* CompaniesTableViewController+CreateCompanyViewControllerDelegate.swift */ = {isa = PBXFileReference; lastKnownFileType = sourcecode.swift; path = "CompaniesTableViewController+CreateCompanyViewControllerDelegate.swift"; sourceTree = "<group>"; };
		DC9F2B6B20AD45C700A4D859 /* CompaniesTableViewController+UITableViewControllerDelegate.swift */ = {isa = PBXFileReference; lastKnownFileType = sourcecode.swift; path = "CompaniesTableViewController+UITableViewControllerDelegate.swift"; sourceTree = "<group>"; };
		DC9F2B6D20AD4AF400A4D859 /* EmployeesTableViewController.swift */ = {isa = PBXFileReference; lastKnownFileType = sourcecode.swift; path = EmployeesTableViewController.swift; sourceTree = "<group>"; };
		DCC8CB0220A86C5A008C82CC /* TempCompany.swift */ = {isa = PBXFileReference; lastKnownFileType = sourcecode.swift; path = TempCompany.swift; sourceTree = "<group>"; };
		DCC8CB0420A875CC008C82CC /* ContextManager.swift */ = {isa = PBXFileReference; lastKnownFileType = sourcecode.swift; path = ContextManager.swift; sourceTree = "<group>"; };
		DCD7879520A7F0420022B745 /* CoreDataTraining.app */ = {isa = PBXFileReference; explicitFileType = wrapper.application; includeInIndex = 0; path = CoreDataTraining.app; sourceTree = BUILT_PRODUCTS_DIR; };
		DCD7879820A7F0420022B745 /* AppDelegate.swift */ = {isa = PBXFileReference; lastKnownFileType = sourcecode.swift; path = AppDelegate.swift; sourceTree = "<group>"; };
		DCD7879A20A7F0420022B745 /* CompaniesTableViewController.swift */ = {isa = PBXFileReference; lastKnownFileType = sourcecode.swift; path = CompaniesTableViewController.swift; sourceTree = "<group>"; };
		DCD7879F20A7F0430022B745 /* Assets.xcassets */ = {isa = PBXFileReference; lastKnownFileType = folder.assetcatalog; path = Assets.xcassets; sourceTree = "<group>"; };
		DCD787A220A7F0430022B745 /* Base */ = {isa = PBXFileReference; lastKnownFileType = file.storyboard; name = Base; path = Base.lproj/LaunchScreen.storyboard; sourceTree = "<group>"; };
		DCD787A420A7F0430022B745 /* Info.plist */ = {isa = PBXFileReference; lastKnownFileType = text.plist.xml; path = Info.plist; sourceTree = "<group>"; };
		DCD787AD20A7F5EE0022B745 /* ColourScheme.swift */ = {isa = PBXFileReference; lastKnownFileType = sourcecode.swift; path = ColourScheme.swift; sourceTree = "<group>"; };
		DCD787B120A7F7550022B745 /* CustomNavigationViewController.swift */ = {isa = PBXFileReference; lastKnownFileType = sourcecode.swift; path = CustomNavigationViewController.swift; sourceTree = "<group>"; };
		DCD787B620A81B450022B745 /* Coorinator.swift */ = {isa = PBXFileReference; lastKnownFileType = sourcecode.swift; path = Coorinator.swift; sourceTree = "<group>"; };
		DCD787BC20A81F920022B745 /* CompaniesModel.swift */ = {isa = PBXFileReference; lastKnownFileType = sourcecode.swift; path = CompaniesModel.swift; sourceTree = "<group>"; };
		DCD787C020A829780022B745 /*  CreateCompanyViewController.swift */ = {isa = PBXFileReference; lastKnownFileType = sourcecode.swift; path = " CreateCompanyViewController.swift"; sourceTree = "<group>"; };
/* End PBXFileReference section */

/* Begin PBXFrameworksBuildPhase section */
		DCD7879220A7F0420022B745 /* Frameworks */ = {
			isa = PBXFrameworksBuildPhase;
			buildActionMask = 2147483647;
			files = (
			);
			runOnlyForDeploymentPostprocessing = 0;
		};
/* End PBXFrameworksBuildPhase section */

/* Begin PBXGroup section */
		DC01823D20B022AD0021D6E4 /* EmployeesController */ = {
			isa = PBXGroup;
			children = (
				DC9F2B6D20AD4AF400A4D859 /* EmployeesTableViewController.swift */,
				DC01825020B054C10021D6E4 /* EmployeesTableViewController+CreateEmployeeViewControllerDelegate.swift */,
				DC01824E20B054830021D6E4 /* EmployeesTableViewController+UITableViewDelegate.swift */,
			);
			path = EmployeesController;
			sourceTree = "<group>";
		};
		DC01823E20B022C60021D6E4 /* Cells */ = {
			isa = PBXGroup;
			children = (
				DC72714520AB0183001B4312 /* CompanyTableViewCell.swift */,
			);
			path = Cells;
			sourceTree = "<group>";
		};
		DC01823F20B022D30021D6E4 /* CreateCompanyController */ = {
			isa = PBXGroup;
			children = (
				DCD787C020A829780022B745 /*  CreateCompanyViewController.swift */,
			);
			path = CreateCompanyController;
			sourceTree = "<group>";
		};
		DC01824220B028230021D6E4 /* CreateEmployeeController */ = {
			isa = PBXGroup;
			children = (
				DC01824020B0281E0021D6E4 /* CreateEmployeeViewController.swift */,
				DC01824820B030560021D6E4 /* EmployeeEditorView.swift */,
			);
			path = CreateEmployeeController;
			sourceTree = "<group>";
		};
		DC01824720B030050021D6E4 /* Reusable */ = {
			isa = PBXGroup;
			children = (
				DCD787B120A7F7550022B745 /* CustomNavigationViewController.swift */,
			);
			path = Reusable;
			sourceTree = "<group>";
		};
		DC9F2B6820AD44D300A4D859 /* CompaniesController */ = {
			isa = PBXGroup;
			children = (
				DCD7879A20A7F0420022B745 /* CompaniesTableViewController.swift */,
				DC9F2B6920AD451800A4D859 /* CompaniesTableViewController+CreateCompanyViewControllerDelegate.swift */,
				DC9F2B6B20AD45C700A4D859 /* CompaniesTableViewController+UITableViewControllerDelegate.swift */,
			);
			path = CompaniesController;
			sourceTree = "<group>";
		};
		DCD7878C20A7F0420022B745 = {
			isa = PBXGroup;
			children = (
				DCD7879720A7F0420022B745 /* CoreDataTraining */,
				DCD7879620A7F0420022B745 /* Products */,
			);
			sourceTree = "<group>";
		};
		DCD7879620A7F0420022B745 /* Products */ = {
			isa = PBXGroup;
			children = (
				DCD7879520A7F0420022B745 /* CoreDataTraining.app */,
			);
			name = Products;
			sourceTree = "<group>";
		};
		DCD7879720A7F0420022B745 /* CoreDataTraining */ = {
			isa = PBXGroup;
			children = (
				DCD787AC20A7F5C90022B745 /* Supporting Files */,
				DCD787B820A81E850022B745 /* Views & Controllers */,
				DCD787B920A81E930022B745 /* Models */,
				DCD787A420A7F0430022B745 /* Info.plist */,
			);
			path = CoreDataTraining;
			sourceTree = "<group>";
		};
		DCD787AC20A7F5C90022B745 /* Supporting Files */ = {
			isa = PBXGroup;
			children = (
				DC01823B20B021970021D6E4 /* Main.storyboard */,
				DC01824320B028760021D6E4 /* CompanyEditorCoordinator.swift */,
				DC01824520B028970021D6E4 /* EmployeeEditorCoordinator.swift */,
				DCD7879820A7F0420022B745 /* AppDelegate.swift */,
				DCD7879F20A7F0430022B745 /* Assets.xcassets */,
				DCD787A120A7F0430022B745 /* LaunchScreen.storyboard */,
				DCD787AD20A7F5EE0022B745 /* ColourScheme.swift */,
				DCC8CB0420A875CC008C82CC /* ContextManager.swift */,
				DC01823E20B022C60021D6E4 /* Cells */,
			);
			path = "Supporting Files";
			sourceTree = "<group>";
		};
		DCD787B820A81E850022B745 /* Views & Controllers */ = {
			isa = PBXGroup;
			children = (
				DCD787B620A81B450022B745 /* Coorinator.swift */,
				DC01824720B030050021D6E4 /* Reusable */,
				DC9F2B6820AD44D300A4D859 /* CompaniesController */,
				DC01823F20B022D30021D6E4 /* CreateCompanyController */,
				DC01823D20B022AD0021D6E4 /* EmployeesController */,
				DC01824220B028230021D6E4 /* CreateEmployeeController */,
			);
			path = "Views & Controllers";
			sourceTree = "<group>";
		};
		DCD787B920A81E930022B745 /* Models */ = {
			isa = PBXGroup;
			children = (
				DCD787BC20A81F920022B745 /* CompaniesModel.swift */,
				DC01824A20B037EC0021D6E4 /* EmployeesModel.swift */,
				DC637E0920A863980075EF62 /* DataModel.xcdatamodeld */,
				DCC8CB0220A86C5A008C82CC /* TempCompany.swift */,
				DC01824C20B038D70021D6E4 /* TempEmployee.swift */,
			);
			path = Models;
			sourceTree = "<group>";
		};
/* End PBXGroup section */

/* Begin PBXNativeTarget section */
		DCD7879420A7F0420022B745 /* CoreDataTraining */ = {
			isa = PBXNativeTarget;
			buildConfigurationList = DCD787A720A7F0430022B745 /* Build configuration list for PBXNativeTarget "CoreDataTraining" */;
			buildPhases = (
				DCD7879120A7F0420022B745 /* Sources */,
				DCD7879220A7F0420022B745 /* Frameworks */,
				DCD7879320A7F0420022B745 /* Resources */,
			);
			buildRules = (
			);
			dependencies = (
			);
			name = CoreDataTraining;
			productName = CoreDataTraining;
			productReference = DCD7879520A7F0420022B745 /* CoreDataTraining.app */;
			productType = "com.apple.product-type.application";
		};
/* End PBXNativeTarget section */

/* Begin PBXProject section */
		DCD7878D20A7F0420022B745 /* Project object */ = {
			isa = PBXProject;
			attributes = {
				LastSwiftUpdateCheck = 0930;
				LastUpgradeCheck = 0930;
				ORGANIZATIONNAME = "Siyu Liu";
				TargetAttributes = {
					DCD7879420A7F0420022B745 = {
						CreatedOnToolsVersion = 9.3.1;
					};
				};
			};
			buildConfigurationList = DCD7879020A7F0420022B745 /* Build configuration list for PBXProject "CoreDataTraining" */;
			compatibilityVersion = "Xcode 9.3";
			developmentRegion = en;
			hasScannedForEncodings = 0;
			knownRegions = (
				en,
				Base,
			);
			mainGroup = DCD7878C20A7F0420022B745;
			productRefGroup = DCD7879620A7F0420022B745 /* Products */;
			projectDirPath = "";
			projectRoot = "";
			targets = (
				DCD7879420A7F0420022B745 /* CoreDataTraining */,
			);
		};
/* End PBXProject section */

/* Begin PBXResourcesBuildPhase section */
		DCD7879320A7F0420022B745 /* Resources */ = {
			isa = PBXResourcesBuildPhase;
			buildActionMask = 2147483647;
			files = (
				DCD787A320A7F0430022B745 /* LaunchScreen.storyboard in Resources */,
				DCD787A020A7F0430022B745 /* Assets.xcassets in Resources */,
				DC01823C20B021970021D6E4 /* Main.storyboard in Resources */,
			);
			runOnlyForDeploymentPostprocessing = 0;
		};
/* End PBXResourcesBuildPhase section */

/* Begin PBXSourcesBuildPhase section */
		DCD7879120A7F0420022B745 /* Sources */ = {
			isa = PBXSourcesBuildPhase;
			buildActionMask = 2147483647;
			files = (
				DCD7879B20A7F0420022B745 /* CompaniesTableViewController.swift in Sources */,
				DCD7879920A7F0420022B745 /* AppDelegate.swift in Sources */,
				DCD787C220A829780022B745 /*  CreateCompanyViewController.swift in Sources */,
				DC9F2B6A20AD451800A4D859 /* CompaniesTableViewController+CreateCompanyViewControllerDelegate.swift in Sources */,
				DCD787AE20A7F5EE0022B745 /* ColourScheme.swift in Sources */,
				DC72714620AB0183001B4312 /* CompanyTableViewCell.swift in Sources */,
				DCC8CB0320A86C5A008C82CC /* TempCompany.swift in Sources */,
				DC01824D20B038D70021D6E4 /* TempEmployee.swift in Sources */,
				DC01824B20B037EC0021D6E4 /* EmployeesModel.swift in Sources */,
				DC01824F20B054830021D6E4 /* EmployeesTableViewController+UITableViewDelegate.swift in Sources */,
				DCD787BD20A81F920022B745 /* CompaniesModel.swift in Sources */,
				DC01824120B0281E0021D6E4 /* CreateEmployeeViewController.swift in Sources */,
				DCD787B720A81B450022B745 /* Coorinator.swift in Sources */,
				DC9F2B6E20AD4AF400A4D859 /* EmployeesTableViewController.swift in Sources */,
				DC01824420B028760021D6E4 /* CompanyEditorCoordinator.swift in Sources */,
				DC637E0B20A863980075EF62 /* DataModel.xcdatamodeld in Sources */,
				DCC8CB0520A875CC008C82CC /* ContextManager.swift in Sources */,
				DC01824620B028970021D6E4 /* EmployeeEditorCoordinator.swift in Sources */,
				DC01824920B030560021D6E4 /* EmployeeEditorView.swift in Sources */,
				DC01825120B054C10021D6E4 /* EmployeesTableViewController+CreateEmployeeViewControllerDelegate.swift in Sources */,
				DC9F2B6C20AD45C700A4D859 /* CompaniesTableViewController+UITableViewControllerDelegate.swift in Sources */,
				DCD787B220A7F7550022B745 /* CustomNavigationViewController.swift in Sources */,
			);
			runOnlyForDeploymentPostprocessing = 0;
		};
/* End PBXSourcesBuildPhase section */

/* Begin PBXVariantGroup section */
		DCD787A120A7F0430022B745 /* LaunchScreen.storyboard */ = {
			isa = PBXVariantGroup;
			children = (
				DCD787A220A7F0430022B745 /* Base */,
			);
			name = LaunchScreen.storyboard;
			sourceTree = "<group>";
		};
/* End PBXVariantGroup section */

/* Begin XCBuildConfiguration section */
		DCD787A520A7F0430022B745 /* Debug */ = {
			isa = XCBuildConfiguration;
			buildSettings = {
				ALWAYS_SEARCH_USER_PATHS = NO;
				CLANG_ANALYZER_NONNULL = YES;
				CLANG_ANALYZER_NUMBER_OBJECT_CONVERSION = YES_AGGRESSIVE;
				CLANG_CXX_LANGUAGE_STANDARD = "gnu++14";
				CLANG_CXX_LIBRARY = "libc++";
				CLANG_ENABLE_MODULES = YES;
				CLANG_ENABLE_OBJC_ARC = YES;
				CLANG_ENABLE_OBJC_WEAK = YES;
				CLANG_WARN_BLOCK_CAPTURE_AUTORELEASING = YES;
				CLANG_WARN_BOOL_CONVERSION = YES;
				CLANG_WARN_COMMA = YES;
				CLANG_WARN_CONSTANT_CONVERSION = YES;
				CLANG_WARN_DEPRECATED_OBJC_IMPLEMENTATIONS = YES;
				CLANG_WARN_DIRECT_OBJC_ISA_USAGE = YES_ERROR;
				CLANG_WARN_DOCUMENTATION_COMMENTS = YES;
				CLANG_WARN_EMPTY_BODY = YES;
				CLANG_WARN_ENUM_CONVERSION = YES;
				CLANG_WARN_INFINITE_RECURSION = YES;
				CLANG_WARN_INT_CONVERSION = YES;
				CLANG_WARN_NON_LITERAL_NULL_CONVERSION = YES;
				CLANG_WARN_OBJC_IMPLICIT_RETAIN_SELF = YES;
				CLANG_WARN_OBJC_LITERAL_CONVERSION = YES;
				CLANG_WARN_OBJC_ROOT_CLASS = YES_ERROR;
				CLANG_WARN_RANGE_LOOP_ANALYSIS = YES;
				CLANG_WARN_STRICT_PROTOTYPES = YES;
				CLANG_WARN_SUSPICIOUS_MOVE = YES;
				CLANG_WARN_UNGUARDED_AVAILABILITY = YES_AGGRESSIVE;
				CLANG_WARN_UNREACHABLE_CODE = YES;
				CLANG_WARN__DUPLICATE_METHOD_MATCH = YES;
				CODE_SIGN_IDENTITY = "iPhone Developer";
				COPY_PHASE_STRIP = NO;
				DEBUG_INFORMATION_FORMAT = dwarf;
				ENABLE_STRICT_OBJC_MSGSEND = YES;
				ENABLE_TESTABILITY = YES;
				GCC_C_LANGUAGE_STANDARD = gnu11;
				GCC_DYNAMIC_NO_PIC = NO;
				GCC_NO_COMMON_BLOCKS = YES;
				GCC_OPTIMIZATION_LEVEL = 0;
				GCC_PREPROCESSOR_DEFINITIONS = (
					"DEBUG=1",
					"$(inherited)",
				);
				GCC_WARN_64_TO_32_BIT_CONVERSION = YES;
				GCC_WARN_ABOUT_RETURN_TYPE = YES_ERROR;
				GCC_WARN_UNDECLARED_SELECTOR = YES;
				GCC_WARN_UNINITIALIZED_AUTOS = YES_AGGRESSIVE;
				GCC_WARN_UNUSED_FUNCTION = YES;
				GCC_WARN_UNUSED_VARIABLE = YES;
				IPHONEOS_DEPLOYMENT_TARGET = 11.3;
				MTL_ENABLE_DEBUG_INFO = YES;
				ONLY_ACTIVE_ARCH = YES;
				SDKROOT = iphoneos;
				SWIFT_ACTIVE_COMPILATION_CONDITIONS = DEBUG;
				SWIFT_OPTIMIZATION_LEVEL = "-Onone";
			};
			name = Debug;
		};
		DCD787A620A7F0430022B745 /* Release */ = {
			isa = XCBuildConfiguration;
			buildSettings = {
				ALWAYS_SEARCH_USER_PATHS = NO;
				CLANG_ANALYZER_NONNULL = YES;
				CLANG_ANALYZER_NUMBER_OBJECT_CONVERSION = YES_AGGRESSIVE;
				CLANG_CXX_LANGUAGE_STANDARD = "gnu++14";
				CLANG_CXX_LIBRARY = "libc++";
				CLANG_ENABLE_MODULES = YES;
				CLANG_ENABLE_OBJC_ARC = YES;
				CLANG_ENABLE_OBJC_WEAK = YES;
				CLANG_WARN_BLOCK_CAPTURE_AUTORELEASING = YES;
				CLANG_WARN_BOOL_CONVERSION = YES;
				CLANG_WARN_COMMA = YES;
				CLANG_WARN_CONSTANT_CONVERSION = YES;
				CLANG_WARN_DEPRECATED_OBJC_IMPLEMENTATIONS = YES;
				CLANG_WARN_DIRECT_OBJC_ISA_USAGE = YES_ERROR;
				CLANG_WARN_DOCUMENTATION_COMMENTS = YES;
				CLANG_WARN_EMPTY_BODY = YES;
				CLANG_WARN_ENUM_CONVERSION = YES;
				CLANG_WARN_INFINITE_RECURSION = YES;
				CLANG_WARN_INT_CONVERSION = YES;
				CLANG_WARN_NON_LITERAL_NULL_CONVERSION = YES;
				CLANG_WARN_OBJC_IMPLICIT_RETAIN_SELF = YES;
				CLANG_WARN_OBJC_LITERAL_CONVERSION = YES;
				CLANG_WARN_OBJC_ROOT_CLASS = YES_ERROR;
				CLANG_WARN_RANGE_LOOP_ANALYSIS = YES;
				CLANG_WARN_STRICT_PROTOTYPES = YES;
				CLANG_WARN_SUSPICIOUS_MOVE = YES;
				CLANG_WARN_UNGUARDED_AVAILABILITY = YES_AGGRESSIVE;
				CLANG_WARN_UNREACHABLE_CODE = YES;
				CLANG_WARN__DUPLICATE_METHOD_MATCH = YES;
				CODE_SIGN_IDENTITY = "iPhone Developer";
				COPY_PHASE_STRIP = NO;
				DEBUG_INFORMATION_FORMAT = "dwarf-with-dsym";
				ENABLE_NS_ASSERTIONS = NO;
				ENABLE_STRICT_OBJC_MSGSEND = YES;
				GCC_C_LANGUAGE_STANDARD = gnu11;
				GCC_NO_COMMON_BLOCKS = YES;
				GCC_WARN_64_TO_32_BIT_CONVERSION = YES;
				GCC_WARN_ABOUT_RETURN_TYPE = YES_ERROR;
				GCC_WARN_UNDECLARED_SELECTOR = YES;
				GCC_WARN_UNINITIALIZED_AUTOS = YES_AGGRESSIVE;
				GCC_WARN_UNUSED_FUNCTION = YES;
				GCC_WARN_UNUSED_VARIABLE = YES;
				IPHONEOS_DEPLOYMENT_TARGET = 11.3;
				MTL_ENABLE_DEBUG_INFO = NO;
				SDKROOT = iphoneos;
				SWIFT_COMPILATION_MODE = wholemodule;
				SWIFT_OPTIMIZATION_LEVEL = "-O";
				VALIDATE_PRODUCT = YES;
			};
			name = Release;
		};
		DCD787A820A7F0430022B745 /* Debug */ = {
			isa = XCBuildConfiguration;
			buildSettings = {
				ASSETCATALOG_COMPILER_APPICON_NAME = AppIcon;
				CODE_SIGN_STYLE = Automatic;
				DEVELOPMENT_TEAM = HXW27E4TDZ;
				INFOPLIST_FILE = CoreDataTraining/Info.plist;
				LD_RUNPATH_SEARCH_PATHS = (
					"$(inherited)",
					"@executable_path/Frameworks",
				);
				PRODUCT_BUNDLE_IDENTIFIER = none.CoreDataTraining;
				PRODUCT_NAME = "$(TARGET_NAME)";
				SWIFT_VERSION = 4.0;
				TARGETED_DEVICE_FAMILY = "1,2";
			};
			name = Debug;
		};
		DCD787A920A7F0430022B745 /* Release */ = {
			isa = XCBuildConfiguration;
			buildSettings = {
				ASSETCATALOG_COMPILER_APPICON_NAME = AppIcon;
				CODE_SIGN_STYLE = Automatic;
				DEVELOPMENT_TEAM = HXW27E4TDZ;
				INFOPLIST_FILE = CoreDataTraining/Info.plist;
				LD_RUNPATH_SEARCH_PATHS = (
					"$(inherited)",
					"@executable_path/Frameworks",
				);
				PRODUCT_BUNDLE_IDENTIFIER = none.CoreDataTraining;
				PRODUCT_NAME = "$(TARGET_NAME)";
				SWIFT_VERSION = 4.0;
				TARGETED_DEVICE_FAMILY = "1,2";
			};
			name = Release;
		};
/* End XCBuildConfiguration section */

/* Begin XCConfigurationList section */
		DCD7879020A7F0420022B745 /* Build configuration list for PBXProject "CoreDataTraining" */ = {
			isa = XCConfigurationList;
			buildConfigurations = (
				DCD787A520A7F0430022B745 /* Debug */,
				DCD787A620A7F0430022B745 /* Release */,
			);
			defaultConfigurationIsVisible = 0;
			defaultConfigurationName = Release;
		};
		DCD787A720A7F0430022B745 /* Build configuration list for PBXNativeTarget "CoreDataTraining" */ = {
			isa = XCConfigurationList;
			buildConfigurations = (
				DCD787A820A7F0430022B745 /* Debug */,
				DCD787A920A7F0430022B745 /* Release */,
			);
			defaultConfigurationIsVisible = 0;
			defaultConfigurationName = Release;
		};
/* End XCConfigurationList section */

/* Begin XCVersionGroup section */
		DC637E0920A863980075EF62 /* DataModel.xcdatamodeld */ = {
			isa = XCVersionGroup;
			children = (
				DC637E0A20A863980075EF62 /* DataModel.xcdatamodel */,
			);
			currentVersion = DC637E0A20A863980075EF62 /* DataModel.xcdatamodel */;
			path = DataModel.xcdatamodeld;
			sourceTree = "<group>";
			versionGroupType = wrapper.xcdatamodel;
		};
/* End XCVersionGroup section */
	};
	rootObject = DCD7878D20A7F0420022B745 /* Project object */;
}
